// !$*UTF8*$!
{
	archiveVersion = 1;
	classes = {
	};
	objectVersion = 46;
	objects = {

/* Begin PBXBuildFile section */
		CF3594F7194CCBFF00AAC362 /* Foundation.framework in Frameworks */ = {isa = PBXBuildFile; fileRef = CF3594F6194CCBFF00AAC362 /* Foundation.framework */; };
		CF3594F9194CCBFF00AAC362 /* CoreGraphics.framework in Frameworks */ = {isa = PBXBuildFile; fileRef = CF3594F8194CCBFF00AAC362 /* CoreGraphics.framework */; };
		CF3594FB194CCBFF00AAC362 /* UIKit.framework in Frameworks */ = {isa = PBXBuildFile; fileRef = CF3594FA194CCBFF00AAC362 /* UIKit.framework */; };
		CF359501194CCBFF00AAC362 /* InfoPlist.strings in Resources */ = {isa = PBXBuildFile; fileRef = CF3594FF194CCBFF00AAC362 /* InfoPlist.strings */; };
		CF359503194CCBFF00AAC362 /* main.m in Sources */ = {isa = PBXBuildFile; fileRef = CF359502194CCBFF00AAC362 /* main.m */; };
		CF359507194CCBFF00AAC362 /* AppDelegate.m in Sources */ = {isa = PBXBuildFile; fileRef = CF359506194CCBFF00AAC362 /* AppDelegate.m */; };
		CF35950A194CCBFF00AAC362 /* Main.storyboard in Resources */ = {isa = PBXBuildFile; fileRef = CF359508194CCBFF00AAC362 /* Main.storyboard */; };
		CF35950D194CCBFF00AAC362 /* ViewController.m in Sources */ = {isa = PBXBuildFile; fileRef = CF35950C194CCBFF00AAC362 /* ViewController.m */; };
		CF35950F194CCBFF00AAC362 /* Images.xcassets in Resources */ = {isa = PBXBuildFile; fileRef = CF35950E194CCBFF00AAC362 /* Images.xcassets */; };
		CF359516194CCC0000AAC362 /* XCTest.framework in Frameworks */ = {isa = PBXBuildFile; fileRef = CF359515194CCC0000AAC362 /* XCTest.framework */; };
		CF359517194CCC0000AAC362 /* Foundation.framework in Frameworks */ = {isa = PBXBuildFile; fileRef = CF3594F6194CCBFF00AAC362 /* Foundation.framework */; };
		CF359518194CCC0000AAC362 /* UIKit.framework in Frameworks */ = {isa = PBXBuildFile; fileRef = CF3594FA194CCBFF00AAC362 /* UIKit.framework */; };
		CF359520194CCC0000AAC362 /* InfoPlist.strings in Resources */ = {isa = PBXBuildFile; fileRef = CF35951E194CCC0000AAC362 /* InfoPlist.strings */; };
		CF359522194CCC0000AAC362 /* MyPhoneNumberTests.m in Sources */ = {isa = PBXBuildFile; fileRef = CF359521194CCC0000AAC362 /* MyPhoneNumberTests.m */; };
/* End PBXBuildFile section */

/* Begin PBXContainerItemProxy section */
		CF359519194CCC0000AAC362 /* PBXContainerItemProxy */ = {
			isa = PBXContainerItemProxy;
			containerPortal = CF3594EB194CCBFF00AAC362 /* Project object */;
			proxyType = 1;
			remoteGlobalIDString = CF3594F2194CCBFF00AAC362;
			remoteInfo = MyPhoneNumber;
		};
/* End PBXContainerItemProxy section */

/* Begin PBXFileReference section */
		CF3594F3194CCBFF00AAC362 /* MyPhoneNumber.app */ = {isa = PBXFileReference; explicitFileType = wrapper.application; includeInIndex = 0; path = MyPhoneNumber.app; sourceTree = BUILT_PRODUCTS_DIR; };
		CF3594F6194CCBFF00AAC362 /* Foundation.framework */ = {isa = PBXFileReference; lastKnownFileType = wrapper.framework; name = Foundation.framework; path = System/Library/Frameworks/Foundation.framework; sourceTree = SDKROOT; };
		CF3594F8194CCBFF00AAC362 /* CoreGraphics.framework */ = {isa = PBXFileReference; lastKnownFileType = wrapper.framework; name = CoreGraphics.framework; path = System/Library/Frameworks/CoreGraphics.framework; sourceTree = SDKROOT; };
		CF3594FA194CCBFF00AAC362 /* UIKit.framework */ = {isa = PBXFileReference; lastKnownFileType = wrapper.framework; name = UIKit.framework; path = System/Library/Frameworks/UIKit.framework; sourceTree = SDKROOT; };
		CF3594FE194CCBFF00AAC362 /* MyPhoneNumber-Info.plist */ = {isa = PBXFileReference; lastKnownFileType = text.plist.xml; path = "MyPhoneNumber-Info.plist"; sourceTree = "<group>"; };
		CF359500194CCBFF00AAC362 /* en */ = {isa = PBXFileReference; lastKnownFileType = text.plist.strings; name = en; path = en.lproj/InfoPlist.strings; sourceTree = "<group>"; };
		CF359502194CCBFF00AAC362 /* main.m */ = {isa = PBXFileReference; lastKnownFileType = sourcecode.c.objc; path = main.m; sourceTree = "<group>"; };
		CF359504194CCBFF00AAC362 /* MyPhoneNumber-Prefix.pch */ = {isa = PBXFileReference; lastKnownFileType = sourcecode.c.h; path = "MyPhoneNumber-Prefix.pch"; sourceTree = "<group>"; };
		CF359505194CCBFF00AAC362 /* AppDelegate.h */ = {isa = PBXFileReference; lastKnownFileType = sourcecode.c.h; path = AppDelegate.h; sourceTree = "<group>"; };
		CF359506194CCBFF00AAC362 /* AppDelegate.m */ = {isa = PBXFileReference; lastKnownFileType = sourcecode.c.objc; path = AppDelegate.m; sourceTree = "<group>"; };
		CF359509194CCBFF00AAC362 /* Base */ = {isa = PBXFileReference; lastKnownFileType = file.storyboard; name = Base; path = Base.lproj/Main.storyboard; sourceTree = "<group>"; };
		CF35950B194CCBFF00AAC362 /* ViewController.h */ = {isa = PBXFileReference; lastKnownFileType = sourcecode.c.h; path = ViewController.h; sourceTree = "<group>"; };
		CF35950C194CCBFF00AAC362 /* ViewController.m */ = {isa = PBXFileReference; lastKnownFileType = sourcecode.c.objc; path = ViewController.m; sourceTree = "<group>"; };
		CF35950E194CCBFF00AAC362 /* Images.xcassets */ = {isa = PBXFileReference; lastKnownFileType = folder.assetcatalog; path = Images.xcassets; sourceTree = "<group>"; };
		CF359514194CCC0000AAC362 /* MyPhoneNumberTests.xctest */ = {isa = PBXFileReference; explicitFileType = wrapper.cfbundle; includeInIndex = 0; path = MyPhoneNumberTests.xctest; sourceTree = BUILT_PRODUCTS_DIR; };
		CF359515194CCC0000AAC362 /* XCTest.framework */ = {isa = PBXFileReference; lastKnownFileType = wrapper.framework; name = XCTest.framework; path = Library/Frameworks/XCTest.framework; sourceTree = DEVELOPER_DIR; };
		CF35951D194CCC0000AAC362 /* MyPhoneNumberTests-Info.plist */ = {isa = PBXFileReference; lastKnownFileType = text.plist.xml; path = "MyPhoneNumberTests-Info.plist"; sourceTree = "<group>"; };
		CF35951F194CCC0000AAC362 /* en */ = {isa = PBXFileReference; lastKnownFileType = text.plist.strings; name = en; path = en.lproj/InfoPlist.strings; sourceTree = "<group>"; };
		CF359521194CCC0000AAC362 /* MyPhoneNumberTests.m */ = {isa = PBXFileReference; lastKnownFileType = sourcecode.c.objc; path = MyPhoneNumberTests.m; sourceTree = "<group>"; };
/* End PBXFileReference section */

/* Begin PBXFrameworksBuildPhase section */
		CF3594F0194CCBFF00AAC362 /* Frameworks */ = {
			isa = PBXFrameworksBuildPhase;
			buildActionMask = 2147483647;
			files = (
				CF3594F9194CCBFF00AAC362 /* CoreGraphics.framework in Frameworks */,
				CF3594FB194CCBFF00AAC362 /* UIKit.framework in Frameworks */,
				CF3594F7194CCBFF00AAC362 /* Foundation.framework in Frameworks */,
			);
			runOnlyForDeploymentPostprocessing = 0;
		};
		CF359511194CCC0000AAC362 /* Frameworks */ = {
			isa = PBXFrameworksBuildPhase;
			buildActionMask = 2147483647;
			files = (
				CF359516194CCC0000AAC362 /* XCTest.framework in Frameworks */,
				CF359518194CCC0000AAC362 /* UIKit.framework in Frameworks */,
				CF359517194CCC0000AAC362 /* Foundation.framework in Frameworks */,
			);
			runOnlyForDeploymentPostprocessing = 0;
		};
/* End PBXFrameworksBuildPhase section */

/* Begin PBXGroup section */
		CF3594EA194CCBFF00AAC362 = {
			isa = PBXGroup;
			children = (
				CF3594FC194CCBFF00AAC362 /* MyPhoneNumber */,
				CF35951B194CCC0000AAC362 /* MyPhoneNumberTests */,
				CF3594F5194CCBFF00AAC362 /* Frameworks */,
				CF3594F4194CCBFF00AAC362 /* Products */,
			);
			sourceTree = "<group>";
		};
		CF3594F4194CCBFF00AAC362 /* Products */ = {
			isa = PBXGroup;
			children = (
				CF3594F3194CCBFF00AAC362 /* MyPhoneNumber.app */,
				CF359514194CCC0000AAC362 /* MyPhoneNumberTests.xctest */,
			);
			name = Products;
			sourceTree = "<group>";
		};
		CF3594F5194CCBFF00AAC362 /* Frameworks */ = {
			isa = PBXGroup;
			children = (
				CF3594F6194CCBFF00AAC362 /* Foundation.framework */,
				CF3594F8194CCBFF00AAC362 /* CoreGraphics.framework */,
				CF3594FA194CCBFF00AAC362 /* UIKit.framework */,
				CF359515194CCC0000AAC362 /* XCTest.framework */,
			);
			name = Frameworks;
			sourceTree = "<group>";
		};
		CF3594FC194CCBFF00AAC362 /* MyPhoneNumber */ = {
			isa = PBXGroup;
			children = (
				CF359505194CCBFF00AAC362 /* AppDelegate.h */,
				CF359506194CCBFF00AAC362 /* AppDelegate.m */,
				CF359508194CCBFF00AAC362 /* Main.storyboard */,
				CF35950B194CCBFF00AAC362 /* ViewController.h */,
				CF35950C194CCBFF00AAC362 /* ViewController.m */,
				CF35950E194CCBFF00AAC362 /* Images.xcassets */,
				CF3594FD194CCBFF00AAC362 /* Supporting Files */,
			);
			path = MyPhoneNumber;
			sourceTree = "<group>";
		};
		CF3594FD194CCBFF00AAC362 /* Supporting Files */ = {
			isa = PBXGroup;
			children = (
				CF3594FE194CCBFF00AAC362 /* MyPhoneNumber-Info.plist */,
				CF3594FF194CCBFF00AAC362 /* InfoPlist.strings */,
				CF359502194CCBFF00AAC362 /* main.m */,
				CF359504194CCBFF00AAC362 /* MyPhoneNumber-Prefix.pch */,
			);
			name = "Supporting Files";
			sourceTree = "<group>";
		};
		CF35951B194CCC0000AAC362 /* MyPhoneNumberTests */ = {
			isa = PBXGroup;
			children = (
				CF359521194CCC0000AAC362 /* MyPhoneNumberTests.m */,
				CF35951C194CCC0000AAC362 /* Supporting Files */,
			);
			path = MyPhoneNumberTests;
			sourceTree = "<group>";
		};
		CF35951C194CCC0000AAC362 /* Supporting Files */ = {
			isa = PBXGroup;
			children = (
				CF35951D194CCC0000AAC362 /* MyPhoneNumberTests-Info.plist */,
				CF35951E194CCC0000AAC362 /* InfoPlist.strings */,
			);
			name = "Supporting Files";
			sourceTree = "<group>";
		};
/* End PBXGroup section */

/* Begin PBXNativeTarget section */
		CF3594F2194CCBFF00AAC362 /* MyPhoneNumber */ = {
			isa = PBXNativeTarget;
			buildConfigurationList = CF359525194CCC0000AAC362 /* Build configuration list for PBXNativeTarget "MyPhoneNumber" */;
			buildPhases = (
				CF3594EF194CCBFF00AAC362 /* Sources */,
				CF3594F0194CCBFF00AAC362 /* Frameworks */,
				CF3594F1194CCBFF00AAC362 /* Resources */,
			);
			buildRules = (
			);
			dependencies = (
			);
			name = MyPhoneNumber;
			productName = MyPhoneNumber;
			productReference = CF3594F3194CCBFF00AAC362 /* MyPhoneNumber.app */;
			productType = "com.apple.product-type.application";
		};
		CF359513194CCC0000AAC362 /* MyPhoneNumberTests */ = {
			isa = PBXNativeTarget;
			buildConfigurationList = CF359528194CCC0000AAC362 /* Build configuration list for PBXNativeTarget "MyPhoneNumberTests" */;
			buildPhases = (
				CF359510194CCC0000AAC362 /* Sources */,
				CF359511194CCC0000AAC362 /* Frameworks */,
				CF359512194CCC0000AAC362 /* Resources */,
			);
			buildRules = (
			);
			dependencies = (
				CF35951A194CCC0000AAC362 /* PBXTargetDependency */,
			);
			name = MyPhoneNumberTests;
			productName = MyPhoneNumberTests;
			productReference = CF359514194CCC0000AAC362 /* MyPhoneNumberTests.xctest */;
			productType = "com.apple.product-type.bundle.unit-test";
		};
/* End PBXNativeTarget section */

/* Begin PBXProject section */
		CF3594EB194CCBFF00AAC362 /* Project object */ = {
			isa = PBXProject;
			attributes = {
				LastUpgradeCheck = 0510;
				TargetAttributes = {
					CF359513194CCC0000AAC362 = {
						TestTargetID = CF3594F2194CCBFF00AAC362;
					};
				};
			};
			buildConfigurationList = CF3594EE194CCBFF00AAC362 /* Build configuration list for PBXProject "MyPhoneNumber" */;
			compatibilityVersion = "Xcode 3.2";
			developmentRegion = English;
			hasScannedForEncodings = 0;
			knownRegions = (
				en,
				Base,
			);
			mainGroup = CF3594EA194CCBFF00AAC362;
			productRefGroup = CF3594F4194CCBFF00AAC362 /* Products */;
			projectDirPath = "";
			projectRoot = "";
			targets = (
				CF3594F2194CCBFF00AAC362 /* MyPhoneNumber */,
				CF359513194CCC0000AAC362 /* MyPhoneNumberTests */,
			);
		};
/* End PBXProject section */

/* Begin PBXResourcesBuildPhase section */
		CF3594F1194CCBFF00AAC362 /* Resources */ = {
			isa = PBXResourcesBuildPhase;
			buildActionMask = 2147483647;
			files = (
				CF35950F194CCBFF00AAC362 /* Images.xcassets in Resources */,
				CF359501194CCBFF00AAC362 /* InfoPlist.strings in Resources */,
				CF35950A194CCBFF00AAC362 /* Main.storyboard in Resources */,
			);
			runOnlyForDeploymentPostprocessing = 0;
		};
		CF359512194CCC0000AAC362 /* Resources */ = {
			isa = PBXResourcesBuildPhase;
			buildActionMask = 2147483647;
			files = (
				CF359520194CCC0000AAC362 /* InfoPlist.strings in Resources */,
			);
			runOnlyForDeploymentPostprocessing = 0;
		};
/* End PBXResourcesBuildPhase section */

/* Begin PBXSourcesBuildPhase section */
		CF3594EF194CCBFF00AAC362 /* Sources */ = {
			isa = PBXSourcesBuildPhase;
			buildActionMask = 2147483647;
			files = (
				CF35950D194CCBFF00AAC362 /* ViewController.m in Sources */,
				CF359507194CCBFF00AAC362 /* AppDelegate.m in Sources */,
				CF359503194CCBFF00AAC362 /* main.m in Sources */,
			);
			runOnlyForDeploymentPostprocessing = 0;
		};
		CF359510194CCC0000AAC362 /* Sources */ = {
			isa = PBXSourcesBuildPhase;
			buildActionMask = 2147483647;
			files = (
				CF359522194CCC0000AAC362 /* MyPhoneNumberTests.m in Sources */,
			);
			runOnlyForDeploymentPostprocessing = 0;
		};
/* End PBXSourcesBuildPhase section */

/* Begin PBXTargetDependency section */
		CF35951A194CCC0000AAC362 /* PBXTargetDependency */ = {
			isa = PBXTargetDependency;
			target = CF3594F2194CCBFF00AAC362 /* MyPhoneNumber */;
			targetProxy = CF359519194CCC0000AAC362 /* PBXContainerItemProxy */;
		};
/* End PBXTargetDependency section */

/* Begin PBXVariantGroup section */
		CF3594FF194CCBFF00AAC362 /* InfoPlist.strings */ = {
			isa = PBXVariantGroup;
			children = (
				CF359500194CCBFF00AAC362 /* en */,
			);
			name = InfoPlist.strings;
			sourceTree = "<group>";
		};
		CF359508194CCBFF00AAC362 /* Main.storyboard */ = {
			isa = PBXVariantGroup;
			children = (
				CF359509194CCBFF00AAC362 /* Base */,
			);
			name = Main.storyboard;
			sourceTree = "<group>";
		};
		CF35951E194CCC0000AAC362 /* InfoPlist.strings */ = {
			isa = PBXVariantGroup;
			children = (
				CF35951F194CCC0000AAC362 /* en */,
			);
			name = InfoPlist.strings;
			sourceTree = "<group>";
		};
/* End PBXVariantGroup section */

/* Begin XCBuildConfiguration section */
		CF359523194CCC0000AAC362 /* Debug */ = {
			isa = XCBuildConfiguration;
			buildSettings = {
				ALWAYS_SEARCH_USER_PATHS = NO;
				CLANG_CXX_LANGUAGE_STANDARD = "gnu++0x";
				CLANG_CXX_LIBRARY = "libc++";
				CLANG_ENABLE_MODULES = YES;
				CLANG_ENABLE_OBJC_ARC = YES;
				CLANG_WARN_BOOL_CONVERSION = YES;
				CLANG_WARN_CONSTANT_CONVERSION = YES;
				CLANG_WARN_DIRECT_OBJC_ISA_USAGE = YES_ERROR;
				CLANG_WARN_EMPTY_BODY = YES;
				CLANG_WARN_ENUM_CONVERSION = YES;
				CLANG_WARN_INT_CONVERSION = YES;
				CLANG_WARN_OBJC_ROOT_CLASS = YES_ERROR;
				CLANG_WARN__DUPLICATE_METHOD_MATCH = YES;
				"CODE_SIGN_IDENTITY[sdk=iphoneos*]" = "iPhone Developer";
				COPY_PHASE_STRIP = NO;
				GCC_C_LANGUAGE_STANDARD = gnu99;
				GCC_DYNAMIC_NO_PIC = NO;
				GCC_OPTIMIZATION_LEVEL = 0;
				GCC_PREPROCESSOR_DEFINITIONS = (
					"DEBUG=1",
					"$(inherited)",
				);
				GCC_SYMBOLS_PRIVATE_EXTERN = NO;
				GCC_WARN_64_TO_32_BIT_CONVERSION = YES;
				GCC_WARN_ABOUT_RETURN_TYPE = YES_ERROR;
				GCC_WARN_UNDECLARED_SELECTOR = YES;
				GCC_WARN_UNINITIALIZED_AUTOS = YES_AGGRESSIVE;
				GCC_WARN_UNUSED_FUNCTION = YES;
				GCC_WARN_UNUSED_VARIABLE = YES;
				IPHONEOS_DEPLOYMENT_TARGET = 7.1;
				ONLY_ACTIVE_ARCH = YES;
				SDKROOT = iphoneos;
			};
			name = Debug;
		};
		CF359524194CCC0000AAC362 /* Release */ = {
			isa = XCBuildConfiguration;
			buildSettings = {
				ALWAYS_SEARCH_USER_PATHS = NO;
				CLANG_CXX_LANGUAGE_STANDARD = "gnu++0x";
				CLANG_CXX_LIBRARY = "libc++";
				CLANG_ENABLE_MODULES = YES;
				CLANG_ENABLE_OBJC_ARC = YES;
				CLANG_WARN_BOOL_CONVERSION = YES;
				CLANG_WARN_CONSTANT_CONVERSION = YES;
				CLANG_WARN_DIRECT_OBJC_ISA_USAGE = YES_ERROR;
				CLANG_WARN_EMPTY_BODY = YES;
				CLANG_WARN_ENUM_CONVERSION = YES;
				CLANG_WARN_INT_CONVERSION = YES;
				CLANG_WARN_OBJC_ROOT_CLASS = YES_ERROR;
				CLANG_WARN__DUPLICATE_METHOD_MATCH = YES;
				"CODE_SIGN_IDENTITY[sdk=iphoneos*]" = "iPhone Developer";
				COPY_PHASE_STRIP = YES;
				ENABLE_NS_ASSERTIONS = NO;
				GCC_C_LANGUAGE_STANDARD = gnu99;
				GCC_WARN_64_TO_32_BIT_CONVERSION = YES;
				GCC_WARN_ABOUT_RETURN_TYPE = YES_ERROR;
				GCC_WARN_UNDECLARED_SELECTOR = YES;
				GCC_WARN_UNINITIALIZED_AUTOS = YES_AGGRESSIVE;
				GCC_WARN_UNUSED_FUNCTION = YES;
				GCC_WARN_UNUSED_VARIABLE = YES;
				IPHONEOS_DEPLOYMENT_TARGET = 7.1;
				SDKROOT = iphoneos;
				VALIDATE_PRODUCT = YES;
			};
			name = Release;
		};
		CF359526194CCC0000AAC362 /* Debug */ = {
			isa = XCBuildConfiguration;
			buildSettings = {
				ASSETCATALOG_COMPILER_APPICON_NAME = AppIcon;
				ASSETCATALOG_COMPILER_LAUNCHIMAGE_NAME = LaunchImage;
				GCC_PRECOMPILE_PREFIX_HEADER = YES;
				GCC_PREFIX_HEADER = "MyPhoneNumber/MyPhoneNumber-Prefix.pch";
				INFOPLIST_FILE = "MyPhoneNumber/MyPhoneNumber-Info.plist";
				PRODUCT_NAME = "$(TARGET_NAME)";
				WRAPPER_EXTENSION = app;
			};
			name = Debug;
		};
		CF359527194CCC0000AAC362 /* Release */ = {
			isa = XCBuildConfiguration;
			buildSettings = {
				ASSETCATALOG_COMPILER_APPICON_NAME = AppIcon;
				ASSETCATALOG_COMPILER_LAUNCHIMAGE_NAME = LaunchImage;
				GCC_PRECOMPILE_PREFIX_HEADER = YES;
				GCC_PREFIX_HEADER = "MyPhoneNumber/MyPhoneNumber-Prefix.pch";
				INFOPLIST_FILE = "MyPhoneNumber/MyPhoneNumber-Info.plist";
				PRODUCT_NAME = "$(TARGET_NAME)";
				WRAPPER_EXTENSION = app;
			};
			name = Release;
		};
		CF359529194CCC0000AAC362 /* Debug */ = {
			isa = XCBuildConfiguration;
			buildSettings = {
				BUNDLE_LOADER = "$(BUILT_PRODUCTS_DIR)/MyPhoneNumber.app/MyPhoneNumber";
				FRAMEWORK_SEARCH_PATHS = (
					"$(SDKROOT)/Developer/Library/Frameworks",
					"$(inherited)",
					"$(DEVELOPER_FRAMEWORKS_DIR)",
				);
				GCC_PRECOMPILE_PREFIX_HEADER = YES;
				GCC_PREFIX_HEADER = "MyPhoneNumber/MyPhoneNumber-Prefix.pch";
				GCC_PREPROCESSOR_DEFINITIONS = (
					"DEBUG=1",
					"$(inherited)",
				);
				INFOPLIST_FILE = "MyPhoneNumberTests/MyPhoneNumberTests-Info.plist";
				PRODUCT_NAME = "$(TARGET_NAME)";
				TEST_HOST = "$(BUNDLE_LOADER)";
				WRAPPER_EXTENSION = xctest;
			};
			name = Debug;
		};
		CF35952A194CCC0000AAC362 /* Release */ = {
			isa = XCBuildConfiguration;
			buildSettings = {
				BUNDLE_LOADER = "$(BUILT_PRODUCTS_DIR)/MyPhoneNumber.app/MyPhoneNumber";
				FRAMEWORK_SEARCH_PATHS = (
					"$(SDKROOT)/Developer/Library/Frameworks",
					"$(inherited)",
					"$(DEVELOPER_FRAMEWORKS_DIR)",
				);
				GCC_PRECOMPILE_PREFIX_HEADER = YES;
				GCC_PREFIX_HEADER = "MyPhoneNumber/MyPhoneNumber-Prefix.pch";
				INFOPLIST_FILE = "MyPhoneNumberTests/MyPhoneNumberTests-Info.plist";
				PRODUCT_NAME = "$(TARGET_NAME)";
				TEST_HOST = "$(BUNDLE_LOADER)";
				WRAPPER_EXTENSION = xctest;
			};
			name = Release;
		};
/* End XCBuildConfiguration section */

/* Begin XCConfigurationList section */
		CF3594EE194CCBFF00AAC362 /* Build configuration list for PBXProject "MyPhoneNumber" */ = {
			isa = XCConfigurationList;
			buildConfigurations = (
				CF359523194CCC0000AAC362 /* Debug */,
				CF359524194CCC0000AAC362 /* Release */,
			);
			defaultConfigurationIsVisible = 0;
			defaultConfigurationName = Release;
		};
		CF359525194CCC0000AAC362 /* Build configuration list for PBXNativeTarget "MyPhoneNumber" */ = {
			isa = XCConfigurationList;
			buildConfigurations = (
				CF359526194CCC0000AAC362 /* Debug */,
				CF359527194CCC0000AAC362 /* Release */,
			);
			defaultConfigurationIsVisible = 0;
		};
		CF359528194CCC0000AAC362 /* Build configuration list for PBXNativeTarget "MyPhoneNumberTests" */ = {
			isa = XCConfigurationList;
			buildConfigurations = (
				CF359529194CCC0000AAC362 /* Debug */,
				CF35952A194CCC0000AAC362 /* Release */,
			);
			defaultConfigurationIsVisible = 0;
		};
/* End XCConfigurationList section */
	};
	rootObject = CF3594EB194CCBFF00AAC362 /* Project object */;
}
